// !$*UTF8*$!
{
	archiveVersion = 1;
	classes = {
	};
	objectVersion = 50;
	objects = {

/* Begin PBXBuildFile section */
		1A3B60B3217474F800CE74BA /* AppDelegate.swift in Sources */ = {isa = PBXBuildFile; fileRef = 1A3B60B2217474F800CE74BA /* AppDelegate.swift */; };
		1A3B60B5217474F800CE74BA /* ViewController.swift in Sources */ = {isa = PBXBuildFile; fileRef = 1A3B60B4217474F800CE74BA /* ViewController.swift */; };
		1A3B60B8217474F800CE74BA /* Main.storyboard in Resources */ = {isa = PBXBuildFile; fileRef = 1A3B60B6217474F800CE74BA /* Main.storyboard */; };
		1A3B60BA217474F900CE74BA /* Assets.xcassets in Resources */ = {isa = PBXBuildFile; fileRef = 1A3B60B9217474F900CE74BA /* Assets.xcassets */; };
		1A3B60BD217474F900CE74BA /* LaunchScreen.storyboard in Resources */ = {isa = PBXBuildFile; fileRef = 1A3B60BB217474F900CE74BA /* LaunchScreen.storyboard */; };
		1A3B60C8217474F900CE74BA /* ASRTests.swift in Sources */ = {isa = PBXBuildFile; fileRef = 1A3B60C7217474F900CE74BA /* ASRTests.swift */; };
		1A3B60D3217474F900CE74BA /* ASRUITests.swift in Sources */ = {isa = PBXBuildFile; fileRef = 1A3B60D2217474F900CE74BA /* ASRUITests.swift */; };
		1A3B60ED217475B200CE74BA /* URLSpeechRecognition.swift in Sources */ = {isa = PBXBuildFile; fileRef = 1A3B60EB217475B200CE74BA /* URLSpeechRecognition.swift */; };
		1A3B60EE217475B200CE74BA /* AudioBufferSpeechRecognition.swift in Sources */ = {isa = PBXBuildFile; fileRef = 1A3B60EC217475B200CE74BA /* AudioBufferSpeechRecognition.swift */; };
		1A3B60F52174771200CE74BA /* Security.framework in Frameworks */ = {isa = PBXBuildFile; fileRef = 1A3B60F42174771200CE74BA /* Security.framework */; };
		1A3B60F72174771800CE74BA /* CFNetwork.framework in Frameworks */ = {isa = PBXBuildFile; fileRef = 1A3B60F62174771800CE74BA /* CFNetwork.framework */; };
		1A3B60F92174772600CE74BA /* libicucore.tbd in Frameworks */ = {isa = PBXBuildFile; fileRef = 1A3B60F82174772600CE74BA /* libicucore.tbd */; };
		1AE385C4217829AC0032CD84 /* libEduASR.a in Frameworks */ = {isa = PBXBuildFile; fileRef = 1AE385C3217829AC0032CD84 /* libEduASR.a */; };
/* End PBXBuildFile section */

/* Begin PBXContainerItemProxy section */
		1A3B60C4217474F900CE74BA /* PBXContainerItemProxy */ = {
			isa = PBXContainerItemProxy;
			containerPortal = 1A3B60A7217474F800CE74BA /* Project object */;
			proxyType = 1;
			remoteGlobalIDString = 1A3B60AE217474F800CE74BA;
			remoteInfo = ASR;
		};
		1A3B60CF217474F900CE74BA /* PBXContainerItemProxy */ = {
			isa = PBXContainerItemProxy;
			containerPortal = 1A3B60A7217474F800CE74BA /* Project object */;
			proxyType = 1;
			remoteGlobalIDString = 1A3B60AE217474F800CE74BA;
			remoteInfo = ASR;
		};
/* End PBXContainerItemProxy section */

/* Begin PBXFileReference section */
		1A3B60AF217474F800CE74BA /* ASR.app */ = {isa = PBXFileReference; explicitFileType = wrapper.application; includeInIndex = 0; path = ASR.app; sourceTree = BUILT_PRODUCTS_DIR; };
		1A3B60B2217474F800CE74BA /* AppDelegate.swift */ = {isa = PBXFileReference; lastKnownFileType = sourcecode.swift; path = AppDelegate.swift; sourceTree = "<group>"; };
		1A3B60B4217474F800CE74BA /* ViewController.swift */ = {isa = PBXFileReference; lastKnownFileType = sourcecode.swift; path = ViewController.swift; sourceTree = "<group>"; };
		1A3B60B7217474F800CE74BA /* Base */ = {isa = PBXFileReference; lastKnownFileType = file.storyboard; name = Base; path = Base.lproj/Main.storyboard; sourceTree = "<group>"; };
		1A3B60B9217474F900CE74BA /* Assets.xcassets */ = {isa = PBXFileReference; lastKnownFileType = folder.assetcatalog; path = Assets.xcassets; sourceTree = "<group>"; };
		1A3B60BC217474F900CE74BA /* Base */ = {isa = PBXFileReference; lastKnownFileType = file.storyboard; name = Base; path = Base.lproj/LaunchScreen.storyboard; sourceTree = "<group>"; };
		1A3B60BE217474F900CE74BA /* Info.plist */ = {isa = PBXFileReference; lastKnownFileType = text.plist.xml; path = Info.plist; sourceTree = "<group>"; };
		1A3B60C3217474F900CE74BA /* ASRTests.xctest */ = {isa = PBXFileReference; explicitFileType = wrapper.cfbundle; includeInIndex = 0; path = ASRTests.xctest; sourceTree = BUILT_PRODUCTS_DIR; };
		1A3B60C7217474F900CE74BA /* ASRTests.swift */ = {isa = PBXFileReference; lastKnownFileType = sourcecode.swift; path = ASRTests.swift; sourceTree = "<group>"; };
		1A3B60C9217474F900CE74BA /* Info.plist */ = {isa = PBXFileReference; lastKnownFileType = text.plist.xml; path = Info.plist; sourceTree = "<group>"; };
		1A3B60CE217474F900CE74BA /* ASRUITests.xctest */ = {isa = PBXFileReference; explicitFileType = wrapper.cfbundle; includeInIndex = 0; path = ASRUITests.xctest; sourceTree = BUILT_PRODUCTS_DIR; };
		1A3B60D2217474F900CE74BA /* ASRUITests.swift */ = {isa = PBXFileReference; lastKnownFileType = sourcecode.swift; path = ASRUITests.swift; sourceTree = "<group>"; };
		1A3B60D4217474F900CE74BA /* Info.plist */ = {isa = PBXFileReference; lastKnownFileType = text.plist.xml; path = Info.plist; sourceTree = "<group>"; };
		1A3B60EB217475B200CE74BA /* URLSpeechRecognition.swift */ = {isa = PBXFileReference; fileEncoding = 4; lastKnownFileType = sourcecode.swift; path = URLSpeechRecognition.swift; sourceTree = "<group>"; };
		1A3B60EC217475B200CE74BA /* AudioBufferSpeechRecognition.swift */ = {isa = PBXFileReference; fileEncoding = 4; lastKnownFileType = sourcecode.swift; path = AudioBufferSpeechRecognition.swift; sourceTree = "<group>"; };
		1A3B60EF2174766700CE74BA /* ASR-Bridging-Header.h */ = {isa = PBXFileReference; lastKnownFileType = sourcecode.c.h; path = "ASR-Bridging-Header.h"; sourceTree = "<group>"; };
		1A3B60F42174771200CE74BA /* Security.framework */ = {isa = PBXFileReference; lastKnownFileType = wrapper.framework; name = Security.framework; path = System/Library/Frameworks/Security.framework; sourceTree = SDKROOT; };
		1A3B60F62174771800CE74BA /* CFNetwork.framework */ = {isa = PBXFileReference; lastKnownFileType = wrapper.framework; name = CFNetwork.framework; path = System/Library/Frameworks/CFNetwork.framework; sourceTree = SDKROOT; };
		1A3B60F82174772600CE74BA /* libicucore.tbd */ = {isa = PBXFileReference; lastKnownFileType = "sourcecode.text-based-dylib-definition"; name = libicucore.tbd; path = usr/lib/libicucore.tbd; sourceTree = SDKROOT; };
		1AE385BD217829A50032CD84 /* EduSpeechRecognizer.h */ = {isa = PBXFileReference; fileEncoding = 4; lastKnownFileType = sourcecode.c.h; path = EduSpeechRecognizer.h; sourceTree = "<group>"; };
		1AE385BE217829A50032CD84 /* EduTranscription.h */ = {isa = PBXFileReference; fileEncoding = 4; lastKnownFileType = sourcecode.c.h; path = EduTranscription.h; sourceTree = "<group>"; };
		1AE385BF217829A50032CD84 /* EduSpeechRecognitionRequest.h */ = {isa = PBXFileReference; fileEncoding = 4; lastKnownFileType = sourcecode.c.h; path = EduSpeechRecognitionRequest.h; sourceTree = "<group>"; };
		1AE385C0217829A50032CD84 /* EduASR.h */ = {isa = PBXFileReference; fileEncoding = 4; lastKnownFileType = sourcecode.c.h; path = EduASR.h; sourceTree = "<group>"; };
		1AE385C1217829A50032CD84 /* EduSpeechRecognitionTask.h */ = {isa = PBXFileReference; fileEncoding = 4; lastKnownFileType = sourcecode.c.h; path = EduSpeechRecognitionTask.h; sourceTree = "<group>"; };
		1AE385C2217829A50032CD84 /* EduSpeechRecognitionResult.h */ = {isa = PBXFileReference; fileEncoding = 4; lastKnownFileType = sourcecode.c.h; path = EduSpeechRecognitionResult.h; sourceTree = "<group>"; };
		1AE385C3217829AC0032CD84 /* libEduASR.a */ = {isa = PBXFileReference; lastKnownFileType = archive.ar; path = libEduASR.a; sourceTree = "<group>"; };
/* End PBXFileReference section */

/* Begin PBXFrameworksBuildPhase section */
		1A3B60AC217474F800CE74BA /* Frameworks */ = {
			isa = PBXFrameworksBuildPhase;
			buildActionMask = 2147483647;
			files = (
				1A3B60F92174772600CE74BA /* libicucore.tbd in Frameworks */,
				1AE385C4217829AC0032CD84 /* libEduASR.a in Frameworks */,
				1A3B60F72174771800CE74BA /* CFNetwork.framework in Frameworks */,
				1A3B60F52174771200CE74BA /* Security.framework in Frameworks */,
			);
			runOnlyForDeploymentPostprocessing = 0;
		};
		1A3B60C0217474F900CE74BA /* Frameworks */ = {
			isa = PBXFrameworksBuildPhase;
			buildActionMask = 2147483647;
			files = (
			);
			runOnlyForDeploymentPostprocessing = 0;
		};
		1A3B60CB217474F900CE74BA /* Frameworks */ = {
			isa = PBXFrameworksBuildPhase;
			buildActionMask = 2147483647;
			files = (
			);
			runOnlyForDeploymentPostprocessing = 0;
		};
/* End PBXFrameworksBuildPhase section */

/* Begin PBXGroup section */
		1A3B60A6217474F800CE74BA = {
			isa = PBXGroup;
			children = (
				1A3B60B1217474F800CE74BA /* ASR */,
				1A3B60C6217474F900CE74BA /* ASRTests */,
				1A3B60D1217474F900CE74BA /* ASRUITests */,
				1A3B60B0217474F800CE74BA /* Products */,
				1A3B60F32174771200CE74BA /* Frameworks */,
			);
			sourceTree = "<group>";
		};
		1A3B60B0217474F800CE74BA /* Products */ = {
			isa = PBXGroup;
			children = (
				1A3B60AF217474F800CE74BA /* ASR.app */,
				1A3B60C3217474F900CE74BA /* ASRTests.xctest */,
				1A3B60CE217474F900CE74BA /* ASRUITests.xctest */,
			);
			name = Products;
			sourceTree = "<group>";
		};
		1A3B60B1217474F800CE74BA /* ASR */ = {
			isa = PBXGroup;
			children = (
				1A3B60E02174751E00CE74BA /* SDK */,
				1A3B60B2217474F800CE74BA /* AppDelegate.swift */,
				1A3B60B4217474F800CE74BA /* ViewController.swift */,
				1A3B60B6217474F800CE74BA /* Main.storyboard */,
				1A3B60B9217474F900CE74BA /* Assets.xcassets */,
				1A3B60BB217474F900CE74BA /* LaunchScreen.storyboard */,
				1A3B60BE217474F900CE74BA /* Info.plist */,
				1A3B60EF2174766700CE74BA /* ASR-Bridging-Header.h */,
				1A3B60EC217475B200CE74BA /* AudioBufferSpeechRecognition.swift */,
				1A3B60EB217475B200CE74BA /* URLSpeechRecognition.swift */,
			);
			path = ASR;
			sourceTree = "<group>";
		};
		1A3B60C6217474F900CE74BA /* ASRTests */ = {
			isa = PBXGroup;
			children = (
				1A3B60C7217474F900CE74BA /* ASRTests.swift */,
				1A3B60C9217474F900CE74BA /* Info.plist */,
			);
			path = ASRTests;
			sourceTree = "<group>";
		};
		1A3B60D1217474F900CE74BA /* ASRUITests */ = {
			isa = PBXGroup;
			children = (
				1A3B60D2217474F900CE74BA /* ASRUITests.swift */,
				1A3B60D4217474F900CE74BA /* Info.plist */,
			);
			path = ASRUITests;
			sourceTree = "<group>";
		};
		1A3B60E02174751E00CE74BA /* SDK */ = {
			isa = PBXGroup;
			children = (
				1AE385C3217829AC0032CD84 /* libEduASR.a */,
				1AE385BB217829A50032CD84 /* include */,
			);
			path = SDK;
			sourceTree = "<group>";
		};
		1A3B60F32174771200CE74BA /* Frameworks */ = {
			isa = PBXGroup;
			children = (
				1A3B60F82174772600CE74BA /* libicucore.tbd */,
				1A3B60F62174771800CE74BA /* CFNetwork.framework */,
				1A3B60F42174771200CE74BA /* Security.framework */,
			);
			name = Frameworks;
			sourceTree = "<group>";
		};
		1AE385BB217829A50032CD84 /* include */ = {
			isa = PBXGroup;
			children = (
				1AE385BC217829A50032CD84 /* EduASR */,
			);
			path = include;
			sourceTree = "<group>";
		};
		1AE385BC217829A50032CD84 /* EduASR */ = {
			isa = PBXGroup;
			children = (
				1AE385BD217829A50032CD84 /* EduSpeechRecognizer.h */,
				1AE385BE217829A50032CD84 /* EduTranscription.h */,
				1AE385BF217829A50032CD84 /* EduSpeechRecognitionRequest.h */,
				1AE385C0217829A50032CD84 /* EduASR.h */,
				1AE385C1217829A50032CD84 /* EduSpeechRecognitionTask.h */,
				1AE385C2217829A50032CD84 /* EduSpeechRecognitionResult.h */,
			);
			path = EduASR;
			sourceTree = "<group>";
		};
/* End PBXGroup section */

/* Begin PBXNativeTarget section */
		1A3B60AE217474F800CE74BA /* ASR */ = {
			isa = PBXNativeTarget;
			buildConfigurationList = 1A3B60D7217474F900CE74BA /* Build configuration list for PBXNativeTarget "ASR" */;
			buildPhases = (
				1A3B60AB217474F800CE74BA /* Sources */,
				1A3B60AC217474F800CE74BA /* Frameworks */,
				1A3B60AD217474F800CE74BA /* Resources */,
			);
			buildRules = (
			);
			dependencies = (
			);
			name = ASR;
			productName = ASR;
			productReference = 1A3B60AF217474F800CE74BA /* ASR.app */;
			productType = "com.apple.product-type.application";
		};
		1A3B60C2217474F900CE74BA /* ASRTests */ = {
			isa = PBXNativeTarget;
			buildConfigurationList = 1A3B60DA217474F900CE74BA /* Build configuration list for PBXNativeTarget "ASRTests" */;
			buildPhases = (
				1A3B60BF217474F900CE74BA /* Sources */,
				1A3B60C0217474F900CE74BA /* Frameworks */,
				1A3B60C1217474F900CE74BA /* Resources */,
			);
			buildRules = (
			);
			dependencies = (
				1A3B60C5217474F900CE74BA /* PBXTargetDependency */,
			);
			name = ASRTests;
			productName = ASRTests;
			productReference = 1A3B60C3217474F900CE74BA /* ASRTests.xctest */;
			productType = "com.apple.product-type.bundle.unit-test";
		};
		1A3B60CD217474F900CE74BA /* ASRUITests */ = {
			isa = PBXNativeTarget;
			buildConfigurationList = 1A3B60DD217474F900CE74BA /* Build configuration list for PBXNativeTarget "ASRUITests" */;
			buildPhases = (
				1A3B60CA217474F900CE74BA /* Sources */,
				1A3B60CB217474F900CE74BA /* Frameworks */,
				1A3B60CC217474F900CE74BA /* Resources */,
			);
			buildRules = (
			);
			dependencies = (
				1A3B60D0217474F900CE74BA /* PBXTargetDependency */,
			);
			name = ASRUITests;
			productName = ASRUITests;
			productReference = 1A3B60CE217474F900CE74BA /* ASRUITests.xctest */;
			productType = "com.apple.product-type.bundle.ui-testing";
		};
/* End PBXNativeTarget section */

/* Begin PBXProject section */
		1A3B60A7217474F800CE74BA /* Project object */ = {
			isa = PBXProject;
			attributes = {
				LastSwiftUpdateCheck = 0940;
				LastUpgradeCheck = 0940;
				ORGANIZATIONNAME = qiuwei;
				TargetAttributes = {
					1A3B60AE217474F800CE74BA = {
						CreatedOnToolsVersion = 9.4.1;
						LastSwiftMigration = 0940;
					};
					1A3B60C2217474F900CE74BA = {
						CreatedOnToolsVersion = 9.4.1;
						TestTargetID = 1A3B60AE217474F800CE74BA;
					};
					1A3B60CD217474F900CE74BA = {
						CreatedOnToolsVersion = 9.4.1;
						TestTargetID = 1A3B60AE217474F800CE74BA;
					};
				};
			};
			buildConfigurationList = 1A3B60AA217474F800CE74BA /* Build configuration list for PBXProject "ASR" */;
			compatibilityVersion = "Xcode 9.3";
			developmentRegion = en;
			hasScannedForEncodings = 0;
			knownRegions = (
				en,
				Base,
			);
			mainGroup = 1A3B60A6217474F800CE74BA;
			productRefGroup = 1A3B60B0217474F800CE74BA /* Products */;
			projectDirPath = "";
			projectRoot = "";
			targets = (
				1A3B60AE217474F800CE74BA /* ASR */,
				1A3B60C2217474F900CE74BA /* ASRTests */,
				1A3B60CD217474F900CE74BA /* ASRUITests */,
			);
		};
/* End PBXProject section */

/* Begin PBXResourcesBuildPhase section */
		1A3B60AD217474F800CE74BA /* Resources */ = {
			isa = PBXResourcesBuildPhase;
			buildActionMask = 2147483647;
			files = (
				1A3B60BD217474F900CE74BA /* LaunchScreen.storyboard in Resources */,
				1A3B60BA217474F900CE74BA /* Assets.xcassets in Resources */,
				1A3B60B8217474F800CE74BA /* Main.storyboard in Resources */,
			);
			runOnlyForDeploymentPostprocessing = 0;
		};
		1A3B60C1217474F900CE74BA /* Resources */ = {
			isa = PBXResourcesBuildPhase;
			buildActionMask = 2147483647;
			files = (
			);
			runOnlyForDeploymentPostprocessing = 0;
		};
		1A3B60CC217474F900CE74BA /* Resources */ = {
			isa = PBXResourcesBuildPhase;
			buildActionMask = 2147483647;
			files = (
			);
			runOnlyForDeploymentPostprocessing = 0;
		};
/* End PBXResourcesBuildPhase section */

/* Begin PBXSourcesBuildPhase section */
		1A3B60AB217474F800CE74BA /* Sources */ = {
			isa = PBXSourcesBuildPhase;
			buildActionMask = 2147483647;
			files = (
				1A3B60B5217474F800CE74BA /* ViewController.swift in Sources */,
				1A3B60B3217474F800CE74BA /* AppDelegate.swift in Sources */,
				1A3B60EE217475B200CE74BA /* AudioBufferSpeechRecognition.swift in Sources */,
				1A3B60ED217475B200CE74BA /* URLSpeechRecognition.swift in Sources */,
			);
			runOnlyForDeploymentPostprocessing = 0;
		};
		1A3B60BF217474F900CE74BA /* Sources */ = {
			isa = PBXSourcesBuildPhase;
			buildActionMask = 2147483647;
			files = (
				1A3B60C8217474F900CE74BA /* ASRTests.swift in Sources */,
			);
			runOnlyForDeploymentPostprocessing = 0;
		};
		1A3B60CA217474F900CE74BA /* Sources */ = {
			isa = PBXSourcesBuildPhase;
			buildActionMask = 2147483647;
			files = (
				1A3B60D3217474F900CE74BA /* ASRUITests.swift in Sources */,
			);
			runOnlyForDeploymentPostprocessing = 0;
		};
/* End PBXSourcesBuildPhase section */

/* Begin PBXTargetDependency section */
		1A3B60C5217474F900CE74BA /* PBXTargetDependency */ = {
			isa = PBXTargetDependency;
			target = 1A3B60AE217474F800CE74BA /* ASR */;
			targetProxy = 1A3B60C4217474F900CE74BA /* PBXContainerItemProxy */;
		};
		1A3B60D0217474F900CE74BA /* PBXTargetDependency */ = {
			isa = PBXTargetDependency;
			target = 1A3B60AE217474F800CE74BA /* ASR */;
			targetProxy = 1A3B60CF217474F900CE74BA /* PBXContainerItemProxy */;
		};
/* End PBXTargetDependency section */

/* Begin PBXVariantGroup section */
		1A3B60B6217474F800CE74BA /* Main.storyboard */ = {
			isa = PBXVariantGroup;
			children = (
				1A3B60B7217474F800CE74BA /* Base */,
			);
			name = Main.storyboard;
			sourceTree = "<group>";
		};
		1A3B60BB217474F900CE74BA /* LaunchScreen.storyboard */ = {
			isa = PBXVariantGroup;
			children = (
				1A3B60BC217474F900CE74BA /* Base */,
			);
			name = LaunchScreen.storyboard;
			sourceTree = "<group>";
		};
/* End PBXVariantGroup section */

/* Begin XCBuildConfiguration section */
		1A3B60D5217474F900CE74BA /* Debug */ = {
			isa = XCBuildConfiguration;
			buildSettings = {
				ALWAYS_SEARCH_USER_PATHS = NO;
				CLANG_ANALYZER_NONNULL = YES;
				CLANG_ANALYZER_NUMBER_OBJECT_CONVERSION = YES_AGGRESSIVE;
				CLANG_CXX_LANGUAGE_STANDARD = "gnu++14";
				CLANG_CXX_LIBRARY = "libc++";
				CLANG_ENABLE_MODULES = YES;
				CLANG_ENABLE_OBJC_ARC = YES;
				CLANG_ENABLE_OBJC_WEAK = YES;
				CLANG_WARN_BLOCK_CAPTURE_AUTORELEASING = YES;
				CLANG_WARN_BOOL_CONVERSION = YES;
				CLANG_WARN_COMMA = YES;
				CLANG_WARN_CONSTANT_CONVERSION = YES;
				CLANG_WARN_DEPRECATED_OBJC_IMPLEMENTATIONS = YES;
				CLANG_WARN_DIRECT_OBJC_ISA_USAGE = YES_ERROR;
				CLANG_WARN_DOCUMENTATION_COMMENTS = YES;
				CLANG_WARN_EMPTY_BODY = YES;
				CLANG_WARN_ENUM_CONVERSION = YES;
				CLANG_WARN_INFINITE_RECURSION = YES;
				CLANG_WARN_INT_CONVERSION = YES;
				CLANG_WARN_NON_LITERAL_NULL_CONVERSION = YES;
				CLANG_WARN_OBJC_IMPLICIT_RETAIN_SELF = YES;
				CLANG_WARN_OBJC_LITERAL_CONVERSION = YES;
				CLANG_WARN_OBJC_ROOT_CLASS = YES_ERROR;
				CLANG_WARN_RANGE_LOOP_ANALYSIS = YES;
				CLANG_WARN_STRICT_PROTOTYPES = YES;
				CLANG_WARN_SUSPICIOUS_MOVE = YES;
				CLANG_WARN_UNGUARDED_AVAILABILITY = YES_AGGRESSIVE;
				CLANG_WARN_UNREACHABLE_CODE = YES;
				CLANG_WARN__DUPLICATE_METHOD_MATCH = YES;
				CODE_SIGN_IDENTITY = "iPhone Developer";
				COPY_PHASE_STRIP = NO;
				DEBUG_INFORMATION_FORMAT = dwarf;
				ENABLE_STRICT_OBJC_MSGSEND = YES;
				ENABLE_TESTABILITY = YES;
				GCC_C_LANGUAGE_STANDARD = gnu11;
				GCC_DYNAMIC_NO_PIC = NO;
				GCC_NO_COMMON_BLOCKS = YES;
				GCC_OPTIMIZATION_LEVEL = 0;
				GCC_PREPROCESSOR_DEFINITIONS = (
					"DEBUG=1",
					"$(inherited)",
				);
				GCC_WARN_64_TO_32_BIT_CONVERSION = YES;
				GCC_WARN_ABOUT_RETURN_TYPE = YES_ERROR;
				GCC_WARN_UNDECLARED_SELECTOR = YES;
				GCC_WARN_UNINITIALIZED_AUTOS = YES_AGGRESSIVE;
				GCC_WARN_UNUSED_FUNCTION = YES;
				GCC_WARN_UNUSED_VARIABLE = YES;
				IPHONEOS_DEPLOYMENT_TARGET = 11.4;
				MTL_ENABLE_DEBUG_INFO = YES;
				ONLY_ACTIVE_ARCH = YES;
				SDKROOT = iphoneos;
				SWIFT_ACTIVE_COMPILATION_CONDITIONS = DEBUG;
				SWIFT_OPTIMIZATION_LEVEL = "-Onone";
			};
			name = Debug;
		};
		1A3B60D6217474F900CE74BA /* Release */ = {
			isa = XCBuildConfiguration;
			buildSettings = {
				ALWAYS_SEARCH_USER_PATHS = NO;
				CLANG_ANALYZER_NONNULL = YES;
				CLANG_ANALYZER_NUMBER_OBJECT_CONVERSION = YES_AGGRESSIVE;
				CLANG_CXX_LANGUAGE_STANDARD = "gnu++14";
				CLANG_CXX_LIBRARY = "libc++";
				CLANG_ENABLE_MODULES = YES;
				CLANG_ENABLE_OBJC_ARC = YES;
				CLANG_ENABLE_OBJC_WEAK = YES;
				CLANG_WARN_BLOCK_CAPTURE_AUTORELEASING = YES;
				CLANG_WARN_BOOL_CONVERSION = YES;
				CLANG_WARN_COMMA = YES;
				CLANG_WARN_CONSTANT_CONVERSION = YES;
				CLANG_WARN_DEPRECATED_OBJC_IMPLEMENTATIONS = YES;
				CLANG_WARN_DIRECT_OBJC_ISA_USAGE = YES_ERROR;
				CLANG_WARN_DOCUMENTATION_COMMENTS = YES;
				CLANG_WARN_EMPTY_BODY = YES;
				CLANG_WARN_ENUM_CONVERSION = YES;
				CLANG_WARN_INFINITE_RECURSION = YES;
				CLANG_WARN_INT_CONVERSION = YES;
				CLANG_WARN_NON_LITERAL_NULL_CONVERSION = YES;
				CLANG_WARN_OBJC_IMPLICIT_RETAIN_SELF = YES;
				CLANG_WARN_OBJC_LITERAL_CONVERSION = YES;
				CLANG_WARN_OBJC_ROOT_CLASS = YES_ERROR;
				CLANG_WARN_RANGE_LOOP_ANALYSIS = YES;
				CLANG_WARN_STRICT_PROTOTYPES = YES;
				CLANG_WARN_SUSPICIOUS_MOVE = YES;
				CLANG_WARN_UNGUARDED_AVAILABILITY = YES_AGGRESSIVE;
				CLANG_WARN_UNREACHABLE_CODE = YES;
				CLANG_WARN__DUPLICATE_METHOD_MATCH = YES;
				CODE_SIGN_IDENTITY = "iPhone Developer";
				COPY_PHASE_STRIP = NO;
				DEBUG_INFORMATION_FORMAT = "dwarf-with-dsym";
				ENABLE_NS_ASSERTIONS = NO;
				ENABLE_STRICT_OBJC_MSGSEND = YES;
				GCC_C_LANGUAGE_STANDARD = gnu11;
				GCC_NO_COMMON_BLOCKS = YES;
				GCC_WARN_64_TO_32_BIT_CONVERSION = YES;
				GCC_WARN_ABOUT_RETURN_TYPE = YES_ERROR;
				GCC_WARN_UNDECLARED_SELECTOR = YES;
				GCC_WARN_UNINITIALIZED_AUTOS = YES_AGGRESSIVE;
				GCC_WARN_UNUSED_FUNCTION = YES;
				GCC_WARN_UNUSED_VARIABLE = YES;
				IPHONEOS_DEPLOYMENT_TARGET = 11.4;
				MTL_ENABLE_DEBUG_INFO = NO;
				SDKROOT = iphoneos;
				SWIFT_COMPILATION_MODE = wholemodule;
				SWIFT_OPTIMIZATION_LEVEL = "-O";
				VALIDATE_PRODUCT = YES;
			};
			name = Release;
		};
		1A3B60D8217474F900CE74BA /* Debug */ = {
			isa = XCBuildConfiguration;
			buildSettings = {
				ASSETCATALOG_COMPILER_APPICON_NAME = AppIcon;
				CLANG_ENABLE_MODULES = YES;
				CODE_SIGN_STYLE = Automatic;
				DEVELOPMENT_TEAM = 25F3RKJN6L;
				INFOPLIST_FILE = ASR/Info.plist;
				IPHONEOS_DEPLOYMENT_TARGET = 10.0;
				LD_RUNPATH_SEARCH_PATHS = (
					"$(inherited)",
					"@executable_path/Frameworks",
				);
				LIBRARY_SEARCH_PATHS = (
					"$(inherited)",
					"$(PROJECT_DIR)/ASR/SDK",
				);
				OTHER_LDFLAGS = "-ObjC";
				PRODUCT_BUNDLE_IDENTIFIER = com.100.develop.ASR;
				PRODUCT_NAME = "$(TARGET_NAME)";
				SWIFT_OBJC_BRIDGING_HEADER = "ASR/ASR-Bridging-Header.h";
				SWIFT_OPTIMIZATION_LEVEL = "-Onone";
				SWIFT_VERSION = 4.0;
				TARGETED_DEVICE_FAMILY = "1,2";
			};
			name = Debug;
		};
		1A3B60D9217474F900CE74BA /* Release */ = {
			isa = XCBuildConfiguration;
			buildSettings = {
				ASSETCATALOG_COMPILER_APPICON_NAME = AppIcon;
				CLANG_ENABLE_MODULES = YES;
				CODE_SIGN_STYLE = Automatic;
				DEVELOPMENT_TEAM = 25F3RKJN6L;
				INFOPLIST_FILE = ASR/Info.plist;
				IPHONEOS_DEPLOYMENT_TARGET = 10.0;
				LD_RUNPATH_SEARCH_PATHS = (
					"$(inherited)",
					"@executable_path/Frameworks",
				);
				LIBRARY_SEARCH_PATHS = (
					"$(inherited)",
					"$(PROJECT_DIR)/ASR/SDK",
				);
				OTHER_LDFLAGS = "-ObjC";
				PRODUCT_BUNDLE_IDENTIFIER = com.100.develop.ASR;
				PRODUCT_NAME = "$(TARGET_NAME)";
				SWIFT_OBJC_BRIDGING_HEADER = "ASR/ASR-Bridging-Header.h";
				SWIFT_VERSION = 4.0;
				TARGETED_DEVICE_FAMILY = "1,2";
			};
			name = Release;
		};
		1A3B60DB217474F900CE74BA /* Debug */ = {
			isa = XCBuildConfiguration;
			buildSettings = {
				ALWAYS_EMBED_SWIFT_STANDARD_LIBRARIES = YES;
				BUNDLE_LOADER = "$(TEST_HOST)";
				CODE_SIGN_STYLE = Automatic;
				DEVELOPMENT_TEAM = 25F3RKJN6L;
				INFOPLIST_FILE = ASRTests/Info.plist;
				LD_RUNPATH_SEARCH_PATHS = (
					"$(inherited)",
					"@executable_path/Frameworks",
					"@loader_path/Frameworks",
				);
				PRODUCT_BUNDLE_IDENTIFIER = com.100.develop.ASRTests;
				PRODUCT_NAME = "$(TARGET_NAME)";
				SWIFT_VERSION = 4.0;
				TARGETED_DEVICE_FAMILY = "1,2";
				TEST_HOST = "$(BUILT_PRODUCTS_DIR)/ASR.app/ASR";
			};
			name = Debug;
		};
		1A3B60DC217474F900CE74BA /* Release */ = {
			isa = XCBuildConfiguration;
			buildSettings = {
				ALWAYS_EMBED_SWIFT_STANDARD_LIBRARIES = YES;
				BUNDLE_LOADER = "$(TEST_HOST)";
				CODE_SIGN_STYLE = Automatic;
				DEVELOPMENT_TEAM = 25F3RKJN6L;
				INFOPLIST_FILE = ASRTests/Info.plist;
				LD_RUNPATH_SEARCH_PATHS = (
					"$(inherited)",
					"@executable_path/Frameworks",
					"@loader_path/Frameworks",
				);
				PRODUCT_BUNDLE_IDENTIFIER = com.100.develop.ASRTests;
				PRODUCT_NAME = "$(TARGET_NAME)";
				SWIFT_VERSION = 4.0;
				TARGETED_DEVICE_FAMILY = "1,2";
				TEST_HOST = "$(BUILT_PRODUCTS_DIR)/ASR.app/ASR";
			};
			name = Release;
		};
		1A3B60DE217474F900CE74BA /* Debug */ = {
			isa = XCBuildConfiguration;
			buildSettings = {
				ALWAYS_EMBED_SWIFT_STANDARD_LIBRARIES = YES;
				CODE_SIGN_STYLE = Automatic;
				DEVELOPMENT_TEAM = 25F3RKJN6L;
				INFOPLIST_FILE = ASRUITests/Info.plist;
				LD_RUNPATH_SEARCH_PATHS = (
					"$(inherited)",
					"@executable_path/Frameworks",
					"@loader_path/Frameworks",
				);
				PRODUCT_BUNDLE_IDENTIFIER = com.100.develop.ASRUITests;
				PRODUCT_NAME = "$(TARGET_NAME)";
				SWIFT_VERSION = 4.0;
				TARGETED_DEVICE_FAMILY = "1,2";
				TEST_TARGET_NAME = ASR;
			};
			name = Debug;
		};
		1A3B60DF217474F900CE74BA /* Release */ = {
			isa = XCBuildConfiguration;
			buildSettings = {
				ALWAYS_EMBED_SWIFT_STANDARD_LIBRARIES = YES;
				CODE_SIGN_STYLE = Automatic;
				DEVELOPMENT_TEAM = 25F3RKJN6L;
				INFOPLIST_FILE = ASRUITests/Info.plist;
				LD_RUNPATH_SEARCH_PATHS = (
					"$(inherited)",
					"@executable_path/Frameworks",
					"@loader_path/Frameworks",
				);
				PRODUCT_BUNDLE_IDENTIFIER = com.100.develop.ASRUITests;
				PRODUCT_NAME = "$(TARGET_NAME)";
				SWIFT_VERSION = 4.0;
				TARGETED_DEVICE_FAMILY = "1,2";
				TEST_TARGET_NAME = ASR;
			};
			name = Release;
		};
/* End XCBuildConfiguration section */

/* Begin XCConfigurationList section */
		1A3B60AA217474F800CE74BA /* Build configuration list for PBXProject "ASR" */ = {
			isa = XCConfigurationList;
			buildConfigurations = (
				1A3B60D5217474F900CE74BA /* Debug */,
				1A3B60D6217474F900CE74BA /* Release */,
			);
			defaultConfigurationIsVisible = 0;
			defaultConfigurationName = Release;
		};
		1A3B60D7217474F900CE74BA /* Build configuration list for PBXNativeTarget "ASR" */ = {
			isa = XCConfigurationList;
			buildConfigurations = (
				1A3B60D8217474F900CE74BA /* Debug */,
				1A3B60D9217474F900CE74BA /* Release */,
			);
			defaultConfigurationIsVisible = 0;
			defaultConfigurationName = Release;
		};
		1A3B60DA217474F900CE74BA /* Build configuration list for PBXNativeTarget "ASRTests" */ = {
			isa = XCConfigurationList;
			buildConfigurations = (
				1A3B60DB217474F900CE74BA /* Debug */,
				1A3B60DC217474F900CE74BA /* Release */,
			);
			defaultConfigurationIsVisible = 0;
			defaultConfigurationName = Release;
		};
		1A3B60DD217474F900CE74BA /* Build configuration list for PBXNativeTarget "ASRUITests" */ = {
			isa = XCConfigurationList;
			buildConfigurations = (
				1A3B60DE217474F900CE74BA /* Debug */,
				1A3B60DF217474F900CE74BA /* Release */,
			);
			defaultConfigurationIsVisible = 0;
			defaultConfigurationName = Release;
		};
/* End XCConfigurationList section */
	};
	rootObject = 1A3B60A7217474F800CE74BA /* Project object */;
}
